
Microsoft Visual Studio Solution File, Format Version 12.00
# Visual Studio Version 17
VisualStudioVersion = 17.4.33213.308
MinimumVisualStudioVersion = 10.0.40219.1
Project("{2150E333-8FDC-42A3-9474-1A3956D46DE8}") = "FrontEnd", "FrontEnd", "{22163790-8EC3-4D3F-97B9-3EBD5F465C80}"
EndProject
Project("{2150E333-8FDC-42A3-9474-1A3956D46DE8}") = "Service", "Service", "{08A83352-15BE-49D3-A921-D06F00DBB44C}"
EndProject
Project("{FAE04EC0-301F-11D3-BF4B-00C04F79EFBC}") = "EmploymentFormWeb", "EmploymentFormWeb\EmploymentFormWeb.csproj", "{AB827723-9659-42A7-92A6-DDD5BBBABAD9}"
EndProject
Project("{FAE04EC0-301F-11D3-BF4B-00C04F79EFBC}") = "EmploymentForm.API", "EmploymentForm.API\EmploymentForm.API.csproj", "{0415A7D9-1039-4C47-B920-754583800DE1}"
EndProject
Global
	GlobalSection(SolutionConfigurationPlatforms) = preSolution
		Debug|Any CPU = Debug|Any CPU
		Release|Any CPU = Release|Any CPU
	EndGlobalSection
	GlobalSection(ProjectConfigurationPlatforms) = postSolution
		{AB827723-9659-42A7-92A6-DDD5BBBABAD9}.Debug|Any CPU.ActiveCfg = Debug|Any CPU
		{AB827723-9659-42A7-92A6-DDD5BBBABAD9}.Debug|Any CPU.Build.0 = Debug|Any CPU
		{AB827723-9659-42A7-92A6-DDD5BBBABAD9}.Release|Any CPU.ActiveCfg = Release|Any CPU
		{AB827723-9659-42A7-92A6-DDD5BBBABAD9}.Release|Any CPU.Build.0 = Release|Any CPU
		{0415A7D9-1039-4C47-B920-754583800DE1}.Debug|Any CPU.ActiveCfg = Debug|Any CPU
		{0415A7D9-1039-4C47-B920-754583800DE1}.Debug|Any CPU.Build.0 = Debug|Any CPU
		{0415A7D9-1039-4C47-B920-754583800DE1}.Release|Any CPU.ActiveCfg = Release|Any CPU
		{0415A7D9-1039-4C47-B920-754583800DE1}.Release|Any CPU.Build.0 = Release|Any CPU
	EndGlobalSection
	GlobalSection(SolutionProperties) = preSolution
		HideSolutionNode = FALSE
	EndGlobalSection
	GlobalSection(NestedProjects) = preSolution
		{AB827723-9659-42A7-92A6-DDD5BBBABAD9} = {22163790-8EC3-4D3F-97B9-3EBD5F465C80}
		{0415A7D9-1039-4C47-B920-754583800DE1} = {08A83352-15BE-49D3-A921-D06F00DBB44C}
	EndGlobalSection
	GlobalSection(ExtensibilityGlobals) = postSolution
		SolutionGuid = {84270A75-E6E8-422D-8354-C1A0A5FB790B}
	EndGlobalSection
EndGlobal
